// !$*UTF8*$!
{
	archiveVersion = 1;
	classes = {
	};
	objectVersion = 46;
	objects = {

/* Begin PBXBuildFile section */
		9CD1ACB01412840600441AB7 /* UIKit.framework in Frameworks */ = {isa = PBXBuildFile; fileRef = 9CD1ACAF1412840600441AB7 /* UIKit.framework */; };
		9CD1ACB21412840600441AB7 /* Foundation.framework in Frameworks */ = {isa = PBXBuildFile; fileRef = 9CD1ACB11412840600441AB7 /* Foundation.framework */; };
		9CD1ACB41412840600441AB7 /* CoreGraphics.framework in Frameworks */ = {isa = PBXBuildFile; fileRef = 9CD1ACB31412840600441AB7 /* CoreGraphics.framework */; };
		9CD1ACD61412841E00441AB7 /* CoreData.framework in Frameworks */ = {isa = PBXBuildFile; fileRef = 9CD1ACD51412841E00441AB7 /* CoreData.framework */; };
		A30A332014308E3100D44356 /* ClothManagerView.xib in Resources */ = {isa = PBXBuildFile; fileRef = A30A32E014308E3100D44356 /* ClothManagerView.xib */; };
		A30A332514308E3100D44356 /* ClothView.xib in Resources */ = {isa = PBXBuildFile; fileRef = A30A32EA14308E3100D44356 /* ClothView.xib */; };
		A30A332614308E3100D44356 /* InfoPlist.strings in Resources */ = {isa = PBXBuildFile; fileRef = A30A32EC14308E3100D44356 /* InfoPlist.strings */; };
		A30A333414308E3100D44356 /* MainWindow.xib in Resources */ = {isa = PBXBuildFile; fileRef = A30A330D14308E3100D44356 /* MainWindow.xib */; };
		A30A333814308E3100D44356 /* 02@2x.png in Resources */ = {isa = PBXBuildFile; fileRef = A30A331614308E3100D44356 /* 02@2x.png */; };
		A30A333B14308E3100D44356 /* stagione.plist in Resources */ = {isa = PBXBuildFile; fileRef = A30A331914308E3100D44356 /* stagione.plist */; };
		A30A333C14308E3100D44356 /* stile.plist in Resources */ = {isa = PBXBuildFile; fileRef = A30A331A14308E3100D44356 /* stile.plist */; };
		A30A333E14308E3100D44356 /* tipologia.plist in Resources */ = {isa = PBXBuildFile; fileRef = A30A331C14308E3100D44356 /* tipologia.plist */; };
		A31B3ACC1459F77D00BD0F73 /* zoom_in.png in Resources */ = {isa = PBXBuildFile; fileRef = A31B3ACA1459F77D00BD0F73 /* zoom_in.png */; };
		A31B3ACD1459F77D00BD0F73 /* zoom_out.png in Resources */ = {isa = PBXBuildFile; fileRef = A31B3ACB1459F77D00BD0F73 /* zoom_out.png */; };
		A31B3AD0145A068900BD0F73 /* cal_32x32.png in Resources */ = {isa = PBXBuildFile; fileRef = A31B3ACE145A068900BD0F73 /* cal_32x32.png */; };
		A31B3AD1145A068900BD0F73 /* emptyCloth.png in Resources */ = {isa = PBXBuildFile; fileRef = A31B3ACF145A068900BD0F73 /* emptyCloth.png */; };
		A31B3AD7145A0AA200BD0F73 /* mezzastagione.png in Resources */ = {isa = PBXBuildFile; fileRef = A31B3AD4145A0AA100BD0F73 /* mezzastagione.png */; };
		A31B3ADA145A0E6200BD0F73 /* freddo.png in Resources */ = {isa = PBXBuildFile; fileRef = A31B3AD8145A0E6200BD0F73 /* freddo.png */; };
		A31B3ADB145A0E6200BD0F73 /* caldo.png in Resources */ = {isa = PBXBuildFile; fileRef = A31B3AD9145A0E6200BD0F73 /* caldo.png */; };
		A31C7B98144B16DB00BD565D /* ButtonSegmentControl.m in Sources */ = {isa = PBXBuildFile; fileRef = A31C7B97144B16DB00BD565D /* ButtonSegmentControl.m */; };
		A31C7B9C144B171300BD565D /* Configuration.m in Sources */ = {isa = PBXBuildFile; fileRef = A31C7B9B144B171300BD565D /* Configuration.m */; };
		A31C7BA1144B17A900BD565D /* CaptureClothController.m in Sources */ = {isa = PBXBuildFile; fileRef = A31C7B9F144B17A900BD565D /* CaptureClothController.m */; };
		A31C7BA2144B17A900BD565D /* CaptureClothController.xib in Resources */ = {isa = PBXBuildFile; fileRef = A31C7BA0144B17A900BD565D /* CaptureClothController.xib */; };
		A3297D7C143DE2C000EBF25A /* 02.png in Resources */ = {isa = PBXBuildFile; fileRef = A3297D7B143DE2C000EBF25A /* 02.png */; };
		A3297D85143DE31300EBF25A /* SetupViewController.m in Sources */ = {isa = PBXBuildFile; fileRef = A3297D7F143DE31300EBF25A /* SetupViewController.m */; };
		A3297D86143DE31300EBF25A /* SetupViewController.xib in Resources */ = {isa = PBXBuildFile; fileRef = A3297D80143DE31300EBF25A /* SetupViewController.xib */; };
		A3297D87143DE31300EBF25A /* FavoritesViewController.m in Sources */ = {isa = PBXBuildFile; fileRef = A3297D83143DE31300EBF25A /* FavoritesViewController.m */; };
		A3297D88143DE31300EBF25A /* FavoritesViewController.xib in Resources */ = {isa = PBXBuildFile; fileRef = A3297D84143DE31300EBF25A /* FavoritesViewController.xib */; };
		A32BA5371433117B0019979B /* QuartzCore.framework in Frameworks */ = {isa = PBXBuildFile; fileRef = A32BA5361433117B0019979B /* QuartzCore.framework */; };
		A32BA5A2143357050019979B /* MobileCoreServices.framework in Frameworks */ = {isa = PBXBuildFile; fileRef = A32BA5A1143357050019979B /* MobileCoreServices.framework */; };
		A32BA5A4143357370019979B /* ImageIO.framework in Frameworks */ = {isa = PBXBuildFile; fileRef = A32BA5A3143357370019979B /* ImageIO.framework */; };
		A32BA5B0143375530019979B /* CoverViewController.xib in Resources */ = {isa = PBXBuildFile; fileRef = A32BA5AE143375530019979B /* CoverViewController.xib */; };
		A3316A9C143F0D0E0042446C /* DataCache.m in Sources */ = {isa = PBXBuildFile; fileRef = A3316A99143F0D0E0042446C /* DataCache.m */; };
		A3316A9D143F0D0E0042446C /* FlowCoverView.m in Sources */ = {isa = PBXBuildFile; fileRef = A3316A9B143F0D0E0042446C /* FlowCoverView.m */; };
		A3316AA1143F10370042446C /* OpenGLES.framework in Frameworks */ = {isa = PBXBuildFile; fileRef = A3316AA0143F10370042446C /* OpenGLES.framework */; };
		A357353C1426850F008A742D /* MapKit.framework in Frameworks */ = {isa = PBXBuildFile; fileRef = A357353B1426850F008A742D /* MapKit.framework */; };
		A357353E142686F8008A742D /* CoreLocation.framework in Frameworks */ = {isa = PBXBuildFile; fileRef = A357353D142686F8008A742D /* CoreLocation.framework */; };
		A3645A861439C7AA00A13FB5 /* LookManagerView.xib in Resources */ = {isa = PBXBuildFile; fileRef = A3645A811439C7AA00A13FB5 /* LookManagerView.xib */; };
		A3645B151439EBC800A13FB5 /* UIImage+Blurring.m in Sources */ = {isa = PBXBuildFile; fileRef = A32BA588143356100019979B /* UIImage+Blurring.m */; };
		A3645B171439EBC800A13FB5 /* UIImage+Filtering.m in Sources */ = {isa = PBXBuildFile; fileRef = A32BA58A143356100019979B /* UIImage+Filtering.m */; };
		A3645B191439EBC800A13FB5 /* UIImage+Masking.m in Sources */ = {isa = PBXBuildFile; fileRef = A32BA58C143356100019979B /* UIImage+Masking.m */; };
		A3645B1B1439EBC800A13FB5 /* UIImage+Reflection.m in Sources */ = {isa = PBXBuildFile; fileRef = A32BA58E143356100019979B /* UIImage+Reflection.m */; };
		A3645B1D1439EBC800A13FB5 /* UIImage+Resizing.m in Sources */ = {isa = PBXBuildFile; fileRef = A32BA590143356100019979B /* UIImage+Resizing.m */; };
		A3645B1F1439EBC800A13FB5 /* UIImage+Rotating.m in Sources */ = {isa = PBXBuildFile; fileRef = A32BA592143356100019979B /* UIImage+Rotating.m */; };
		A3645B211439EBC800A13FB5 /* UIImage+Saving.m in Sources */ = {isa = PBXBuildFile; fileRef = A32BA594143356100019979B /* UIImage+Saving.m */; };
		A3645B231439EBC800A13FB5 /* FileSystem.m in Sources */ = {isa = PBXBuildFile; fileRef = A357D7151435B7BC00594E69 /* FileSystem.m */; };
		A3645B241439ECD200A13FB5 /* NYXImagesHelper.m in Sources */ = {isa = PBXBuildFile; fileRef = A32BA597143356100019979B /* NYXImagesHelper.m */; };
		A3645B281439ECD200A13FB5 /* GeoLocal.m in Sources */ = {isa = PBXBuildFile; fileRef = A30A330314308E3100D44356 /* GeoLocal.m */; };
		A3645B311439ECD200A13FB5 /* IarmadioDao.m in Sources */ = {isa = PBXBuildFile; fileRef = A30A32E914308E3100D44356 /* IarmadioDao.m */; };
		A3645B321439ECD200A13FB5 /* CurrState.m in Sources */ = {isa = PBXBuildFile; fileRef = A32C974D1438AFD70038612E /* CurrState.m */; };
		A3645B341439ECD200A13FB5 /* LookManagerViewController.m in Sources */ = {isa = PBXBuildFile; fileRef = A3645A831439C7AA00A13FB5 /* LookManagerViewController.m */; };
		A3645B351439ECD200A13FB5 /* CoverViewController.m in Sources */ = {isa = PBXBuildFile; fileRef = A32BA5AD143375530019979B /* CoverViewController.m */; };
		A3645B361439ECD200A13FB5 /* ArmadioTableViewController.m in Sources */ = {isa = PBXBuildFile; fileRef = A32BA5A814336F830019979B /* ArmadioTableViewController.m */; };
		A3645B381439ECD200A13FB5 /* ClothViewController.m in Sources */ = {isa = PBXBuildFile; fileRef = A30A32DF14308E3100D44356 /* ClothViewController.m */; };
		A3645B391439ECD200A13FB5 /* ClothManagerViewController.m in Sources */ = {isa = PBXBuildFile; fileRef = A30A32E214308E3100D44356 /* ClothManagerViewController.m */; };
		A3645B3B1439ECD200A13FB5 /* iArmadioAppDelegate.m in Sources */ = {isa = PBXBuildFile; fileRef = A30A330914308E3100D44356 /* iArmadioAppDelegate.m */; };
		A3645B3C1439ECD200A13FB5 /* main.m in Sources */ = {isa = PBXBuildFile; fileRef = A30A330C14308E3100D44356 /* main.m */; };
		A3645B3D1439ECD200A13FB5 /* Shake2Style.m in Sources */ = {isa = PBXBuildFile; fileRef = A30A331414308E3100D44356 /* Shake2Style.m */; };
		A3645B75143A27CA00A13FB5 /* iArmadio.xcdatamodeld in Resources */ = {isa = PBXBuildFile; fileRef = A30A330514308E3100D44356 /* iArmadio.xcdatamodeld */; };
		A3816AEB143B5E57009643B4 /* SelectTypeViewController.m in Sources */ = {isa = PBXBuildFile; fileRef = A3816AE9143B5E57009643B4 /* SelectTypeViewController.m */; };
		A3816AEC143B5E57009643B4 /* SelectTypeViewController.xib in Resources */ = {isa = PBXBuildFile; fileRef = A3816AEA143B5E57009643B4 /* SelectTypeViewController.xib */; };
		A3A19EE614486191008E283D /* cappotto.png in Resources */ = {isa = PBXBuildFile; fileRef = A3A19EE414486191008E283D /* cappotto.png */; };
		A3A89065144D7F320064D79B /* Config.plist in Resources */ = {isa = PBXBuildFile; fileRef = A3A89064144D7F320064D79B /* Config.plist */; };
		A3A976B6144DA7AA00CEB5D6 /* ShakeView.xib in Resources */ = {isa = PBXBuildFile; fileRef = A3A976B5144DA7A900CEB5D6 /* ShakeView.xib */; };
		A3B10D46145463CC00C9A881 /* ProprietaVestito.m in Sources */ = {isa = PBXBuildFile; fileRef = A3B10D45145463CC00C9A881 /* ProprietaVestito.m */; };
		A3B10D4A145463CD00C9A881 /* Proprieta.m in Sources */ = {isa = PBXBuildFile; fileRef = A3B10D49145463CD00C9A881 /* Proprieta.m */; };
		A3B10D4D145463CD00C9A881 /* Stile.m in Sources */ = {isa = PBXBuildFile; fileRef = A3B10D4C145463CD00C9A881 /* Stile.m */; };
		A3B10D53145463CE00C9A881 /* Vestito.m in Sources */ = {isa = PBXBuildFile; fileRef = A3B10D52145463CE00C9A881 /* Vestito.m */; };
		A3B10D56145463CE00C9A881 /* Tipologia.m in Sources */ = {isa = PBXBuildFile; fileRef = A3B10D55145463CE00C9A881 /* Tipologia.m */; };
		A3B10D59145463CE00C9A881 /* Stagione.m in Sources */ = {isa = PBXBuildFile; fileRef = A3B10D58145463CE00C9A881 /* Stagione.m */; };
		A3B10D5C145463CE00C9A881 /* ProprietaCombinazione.m in Sources */ = {isa = PBXBuildFile; fileRef = A3B10D5B145463CE00C9A881 /* ProprietaCombinazione.m */; };
		A3B10D6014546E5E00C9A881 /* icon-1star-002@x.png in Resources */ = {isa = PBXBuildFile; fileRef = A3B10D5D14546E5E00C9A881 /* icon-1star-002@x.png */; };
		A3B10D6114546E5E00C9A881 /* icon-2star-002@x.png in Resources */ = {isa = PBXBuildFile; fileRef = A3B10D5E14546E5E00C9A881 /* icon-2star-002@x.png */; };
		A3B10D6214546E5E00C9A881 /* icon-3star-002@x.png in Resources */ = {isa = PBXBuildFile; fileRef = A3B10D5F14546E5E00C9A881 /* icon-3star-002@x.png */; };
		A3B10D6D1454B09700C9A881 /* Combinazione.m in Sources */ = {isa = PBXBuildFile; fileRef = A3B10D6C1454B09700C9A881 /* Combinazione.m */; };
		A3C94F491456B2BA00369340 /* scarpe.png in Resources */ = {isa = PBXBuildFile; fileRef = A3C94F481456B2BA00369340 /* scarpe.png */; };
		A3C94F4C1456B2DF00369340 /* sciarpa.png in Resources */ = {isa = PBXBuildFile; fileRef = A3C94F4B1456B2DE00369340 /* sciarpa.png */; };
		A3C94F4E1456B2E600369340 /* vestitino.png in Resources */ = {isa = PBXBuildFile; fileRef = A3C94F4D1456B2E600369340 /* vestitino.png */; };
		A3C94F501456B30F00369340 /* pantaloni.png in Resources */ = {isa = PBXBuildFile; fileRef = A3C94F4F1456B30F00369340 /* pantaloni.png */; };
		A3C94F521456B36F00369340 /* felpa.png in Resources */ = {isa = PBXBuildFile; fileRef = A3C94F511456B36F00369340 /* felpa.png */; };
		A3C94F541456B38E00369340 /* gonna.png in Resources */ = {isa = PBXBuildFile; fileRef = A3C94F531456B38D00369340 /* gonna.png */; };
		A3C94F561456B3C700369340 /* borsa.png in Resources */ = {isa = PBXBuildFile; fileRef = A3C94F551456B3C700369340 /* borsa.png */; };
		A3C94F581456B50600369340 /* cappello.png in Resources */ = {isa = PBXBuildFile; fileRef = A3C94F571456B50600369340 /* cappello.png */; };
		A3C94F5A1456B54600369340 /* cintura.png in Resources */ = {isa = PBXBuildFile; fileRef = A3C94F591456B54500369340 /* cintura.png */; };
		A3C94F5C1456B57200369340 /* giacca.png in Resources */ = {isa = PBXBuildFile; fileRef = A3C94F5B1456B57200369340 /* giacca.png */; };
		A3C94F5E1456B5A900369340 /* cravatta.png in Resources */ = {isa = PBXBuildFile; fileRef = A3C94F5D1456B5A900369340 /* cravatta.png */; };
		A3C94F621456B7A600369340 /* maglione.png in Resources */ = {isa = PBXBuildFile; fileRef = A3C94F611456B7A600369340 /* maglione.png */; };
		A3C94F641456B7D900369340 /* camicia.png in Resources */ = {isa = PBXBuildFile; fileRef = A3C94F631456B7D900369340 /* camicia.png */; };
		A3C94F661456C64D00369340 /* gruccia.png in Resources */ = {isa = PBXBuildFile; fileRef = A3C94F651456C64D00369340 /* gruccia.png */; };
		A3C94F681456C9B100369340 /* specchiera.png in Resources */ = {isa = PBXBuildFile; fileRef = A3C94F671456C9B100369340 /* specchiera.png */; };
		A3C94F6A1456E6E000369340 /* bookmark_deselect.png in Resources */ = {isa = PBXBuildFile; fileRef = A3C94F691456E6E000369340 /* bookmark_deselect.png */; };
		A3D7073F144CAB7D00469E06 /* CreditsViewController.m in Sources */ = {isa = PBXBuildFile; fileRef = A3D7073D144CAB7D00469E06 /* CreditsViewController.m */; };
		A3D70742144CBF7600469E06 /* CreditsViewController.xib in Resources */ = {isa = PBXBuildFile; fileRef = A3D70744144CBF7600469E06 /* CreditsViewController.xib */; };
		A3D81FD71449058D0028DD9F /* TabBarNipple.png in Resources */ = {isa = PBXBuildFile; fileRef = A3D81FD51449058D0028DD9F /* TabBarNipple.png */; };
		A3D81FD81449058D0028DD9F /* TabBarNipple@2x.png in Resources */ = {isa = PBXBuildFile; fileRef = A3D81FD61449058D0028DD9F /* TabBarNipple@2x.png */; };
		A3E846B41456158300426764 /* sfondo_texture.jpeg in Resources */ = {isa = PBXBuildFile; fileRef = A3E846B31456158300426764 /* sfondo_texture.jpeg */; };
		A3E846B71456188900426764 /* sfondo1.png in Resources */ = {isa = PBXBuildFile; fileRef = A3E846B61456188900426764 /* sfondo1.png */; };
		A3E846B91456192300426764 /* lookpost.png in Resources */ = {isa = PBXBuildFile; fileRef = A3E846B81456192300426764 /* lookpost.png */; };
		A3E846BE14562B4800426764 /* vestito.png in Resources */ = {isa = PBXBuildFile; fileRef = A3E846BA14562B4800426764 /* vestito.png */; };
		A3E846BF14562B4800426764 /* completo.png in Resources */ = {isa = PBXBuildFile; fileRef = A3E846BB14562B4800426764 /* completo.png */; };
		A3E846C114562B4800426764 /* maglietta.png in Resources */ = {isa = PBXBuildFile; fileRef = A3E846BD14562B4800426764 /* maglietta.png */; };
		A3EA477C1449DD2D0095349B /* ExtendTabBarController.m in Sources */ = {isa = PBXBuildFile; fileRef = A3EA477B1449DD2D0095349B /* ExtendTabBarController.m */; };
		A3EA4784144A65710095349B /* icona.png in Resources */ = {isa = PBXBuildFile; fileRef = A3EA4782144A65710095349B /* icona.png */; };
		A3EA4785144A65710095349B /* icona@2x.png in Resources */ = {isa = PBXBuildFile; fileRef = A3EA4783144A65710095349B /* icona@2x.png */; };
		A3EB90FD14575A7000B92E33 /* star.png in Resources */ = {isa = PBXBuildFile; fileRef = A3EB90FC14575A7000B92E33 /* star.png */; };
		A3EB910014575A9800B92E33 /* star_gray.png in Resources */ = {isa = PBXBuildFile; fileRef = A3EB90FF14575A9800B92E33 /* star_gray.png */; };
		A3EB91021457695D00B92E33 /* bookmark.png in Resources */ = {isa = PBXBuildFile; fileRef = A3EB91011457695D00B92E33 /* bookmark.png */; };
		A3F14747144F08E3007779DF /* LookViewController.xib in Resources */ = {isa = PBXBuildFile; fileRef = A3F14744144F08E3007779DF /* LookViewController.xib */; };
		A3F14748144F08E3007779DF /* LookViewController.m in Sources */ = {isa = PBXBuildFile; fileRef = A3F14746144F08E3007779DF /* LookViewController.m */; };
		A3F1474E144F0FB6007779DF /* LookTableView.xib in Resources */ = {isa = PBXBuildFile; fileRef = A3F1474B144F0FB6007779DF /* LookTableView.xib */; };
		A3F1474F144F0FB6007779DF /* LookTableViewController.m in Sources */ = {isa = PBXBuildFile; fileRef = A3F1474D144F0FB6007779DF /* LookTableViewController.m */; };
		A3FB194714462726003620C5 /* images.plist in Resources */ = {isa = PBXBuildFile; fileRef = A3FB194614462725003620C5 /* images.plist */; };
		A3FB91D41438FF8F009AF9B4 /* ArmadioTableView.xib in Resources */ = {isa = PBXBuildFile; fileRef = A3FB91D31438FF8E009AF9B4 /* ArmadioTableView.xib */; };
		A3FBCA90144C11C80071A213 /* Localizable.strings in Resources */ = {isa = PBXBuildFile; fileRef = A3FBCA92144C11C80071A213 /* Localizable.strings */; };
/* End PBXBuildFile section */

/* Begin PBXFileReference section */
		9CD1ACAB1412840600441AB7 /* iArmadio.app */ = {isa = PBXFileReference; explicitFileType = wrapper.application; includeInIndex = 0; path = iArmadio.app; sourceTree = BUILT_PRODUCTS_DIR; };
		9CD1ACAF1412840600441AB7 /* UIKit.framework */ = {isa = PBXFileReference; lastKnownFileType = wrapper.framework; name = UIKit.framework; path = System/Library/Frameworks/UIKit.framework; sourceTree = SDKROOT; };
		9CD1ACB11412840600441AB7 /* Foundation.framework */ = {isa = PBXFileReference; lastKnownFileType = wrapper.framework; name = Foundation.framework; path = System/Library/Frameworks/Foundation.framework; sourceTree = SDKROOT; };
		9CD1ACB31412840600441AB7 /* CoreGraphics.framework */ = {isa = PBXFileReference; lastKnownFileType = wrapper.framework; name = CoreGraphics.framework; path = System/Library/Frameworks/CoreGraphics.framework; sourceTree = SDKROOT; };
		9CD1ACD51412841E00441AB7 /* CoreData.framework */ = {isa = PBXFileReference; lastKnownFileType = wrapper.framework; name = CoreData.framework; path = System/Library/Frameworks/CoreData.framework; sourceTree = SDKROOT; };
		A30A32DE14308E3100D44356 /* ClothViewController.h */ = {isa = PBXFileReference; fileEncoding = 4; lastKnownFileType = sourcecode.c.h; path = ClothViewController.h; sourceTree = "<group>"; };
		A30A32DF14308E3100D44356 /* ClothViewController.m */ = {isa = PBXFileReference; fileEncoding = 4; lastKnownFileType = sourcecode.c.objc; path = ClothViewController.m; sourceTree = "<group>"; };
		A30A32E014308E3100D44356 /* ClothManagerView.xib */ = {isa = PBXFileReference; fileEncoding = 4; lastKnownFileType = file.xib; path = ClothManagerView.xib; sourceTree = "<group>"; };
		A30A32E114308E3100D44356 /* ClothManagerViewController.h */ = {isa = PBXFileReference; fileEncoding = 4; lastKnownFileType = sourcecode.c.h; path = ClothManagerViewController.h; sourceTree = "<group>"; };
		A30A32E214308E3100D44356 /* ClothManagerViewController.m */ = {isa = PBXFileReference; fileEncoding = 4; lastKnownFileType = sourcecode.c.objc; path = ClothManagerViewController.m; sourceTree = "<group>"; };
		A30A32E814308E3100D44356 /* IarmadioDao.h */ = {isa = PBXFileReference; fileEncoding = 4; lastKnownFileType = sourcecode.c.h; path = IarmadioDao.h; sourceTree = "<group>"; };
		A30A32E914308E3100D44356 /* IarmadioDao.m */ = {isa = PBXFileReference; fileEncoding = 4; lastKnownFileType = sourcecode.c.objc; path = IarmadioDao.m; sourceTree = "<group>"; };
		A30A32EB14308E3100D44356 /* en */ = {isa = PBXFileReference; lastKnownFileType = file.xib; name = en; path = en.lproj/ClothView.xib; sourceTree = "<group>"; };
		A30A32ED14308E3100D44356 /* en */ = {isa = PBXFileReference; lastKnownFileType = text.plist.strings; name = en; path = en.lproj/InfoPlist.strings; sourceTree = "<group>"; };
		A30A330214308E3100D44356 /* GeoLocal.h */ = {isa = PBXFileReference; fileEncoding = 4; lastKnownFileType = sourcecode.c.h; path = GeoLocal.h; sourceTree = "<group>"; };
		A30A330314308E3100D44356 /* GeoLocal.m */ = {isa = PBXFileReference; fileEncoding = 4; lastKnownFileType = sourcecode.c.objc; path = GeoLocal.m; sourceTree = "<group>"; };
		A30A330414308E3100D44356 /* iArmadio-Prefix.pch */ = {isa = PBXFileReference; fileEncoding = 4; lastKnownFileType = sourcecode.c.h; path = "iArmadio-Prefix.pch"; sourceTree = "<group>"; };
		A30A330614308E3100D44356 /* iArmadio 2.xcdatamodel */ = {isa = PBXFileReference; lastKnownFileType = wrapper.xcdatamodel; path = "iArmadio 2.xcdatamodel"; sourceTree = "<group>"; };
		A30A330714308E3100D44356 /* iArmadio.xcdatamodel */ = {isa = PBXFileReference; lastKnownFileType = wrapper.xcdatamodel; path = iArmadio.xcdatamodel; sourceTree = "<group>"; };
		A30A330814308E3100D44356 /* iArmadioAppDelegate.h */ = {isa = PBXFileReference; fileEncoding = 4; lastKnownFileType = sourcecode.c.h; path = iArmadioAppDelegate.h; sourceTree = "<group>"; };
		A30A330914308E3100D44356 /* iArmadioAppDelegate.m */ = {isa = PBXFileReference; fileEncoding = 4; lastKnownFileType = sourcecode.c.objc; path = iArmadioAppDelegate.m; sourceTree = "<group>"; };
		A30A330A14308E3100D44356 /* it */ = {isa = PBXFileReference; lastKnownFileType = text.plist.strings; name = it; path = it.lproj/InfoPlist.strings; sourceTree = "<group>"; };
		A30A330C14308E3100D44356 /* main.m */ = {isa = PBXFileReference; fileEncoding = 4; lastKnownFileType = sourcecode.c.objc; path = main.m; sourceTree = "<group>"; };
		A30A330D14308E3100D44356 /* MainWindow.xib */ = {isa = PBXFileReference; fileEncoding = 4; lastKnownFileType = file.xib; path = MainWindow.xib; sourceTree = "<group>"; };
		A30A331314308E3100D44356 /* Shake2Style.h */ = {isa = PBXFileReference; fileEncoding = 4; lastKnownFileType = sourcecode.c.h; path = Shake2Style.h; sourceTree = "<group>"; };
		A30A331414308E3100D44356 /* Shake2Style.m */ = {isa = PBXFileReference; fileEncoding = 4; lastKnownFileType = sourcecode.c.objc; path = Shake2Style.m; sourceTree = "<group>"; };
		A30A331614308E3100D44356 /* 02@2x.png */ = {isa = PBXFileReference; lastKnownFileType = image.png; path = "02@2x.png"; sourceTree = "<group>"; };
		A30A331914308E3100D44356 /* stagione.plist */ = {isa = PBXFileReference; fileEncoding = 4; lastKnownFileType = text.plist.xml; path = stagione.plist; sourceTree = "<group>"; };
		A30A331A14308E3100D44356 /* stile.plist */ = {isa = PBXFileReference; fileEncoding = 4; lastKnownFileType = text.plist.xml; path = stile.plist; sourceTree = "<group>"; };
		A30A331C14308E3100D44356 /* tipologia.plist */ = {isa = PBXFileReference; fileEncoding = 4; lastKnownFileType = text.plist.xml; path = tipologia.plist; sourceTree = "<group>"; };
		A31B3ACA1459F77D00BD0F73 /* zoom_in.png */ = {isa = PBXFileReference; lastKnownFileType = image.png; path = zoom_in.png; sourceTree = "<group>"; };
		A31B3ACB1459F77D00BD0F73 /* zoom_out.png */ = {isa = PBXFileReference; lastKnownFileType = image.png; path = zoom_out.png; sourceTree = "<group>"; };
		A31B3ACE145A068900BD0F73 /* cal_32x32.png */ = {isa = PBXFileReference; lastKnownFileType = image.png; path = cal_32x32.png; sourceTree = "<group>"; };
		A31B3ACF145A068900BD0F73 /* emptyCloth.png */ = {isa = PBXFileReference; lastKnownFileType = image.png; path = emptyCloth.png; sourceTree = "<group>"; };
		A31B3AD4145A0AA100BD0F73 /* mezzastagione.png */ = {isa = PBXFileReference; lastKnownFileType = image.png; path = mezzastagione.png; sourceTree = "<group>"; };
		A31B3AD8145A0E6200BD0F73 /* freddo.png */ = {isa = PBXFileReference; lastKnownFileType = image.png; path = freddo.png; sourceTree = "<group>"; };
		A31B3AD9145A0E6200BD0F73 /* caldo.png */ = {isa = PBXFileReference; lastKnownFileType = image.png; path = caldo.png; sourceTree = "<group>"; };
		A31C7B96144B16DB00BD565D /* ButtonSegmentControl.h */ = {isa = PBXFileReference; fileEncoding = 4; lastKnownFileType = sourcecode.c.h; path = ButtonSegmentControl.h; sourceTree = "<group>"; };
		A31C7B97144B16DB00BD565D /* ButtonSegmentControl.m */ = {isa = PBXFileReference; fileEncoding = 4; lastKnownFileType = sourcecode.c.objc; path = ButtonSegmentControl.m; sourceTree = "<group>"; };
		A31C7B9A144B171300BD565D /* Configuration.h */ = {isa = PBXFileReference; fileEncoding = 4; lastKnownFileType = sourcecode.c.h; path = Configuration.h; sourceTree = "<group>"; };
		A31C7B9B144B171300BD565D /* Configuration.m */ = {isa = PBXFileReference; fileEncoding = 4; lastKnownFileType = sourcecode.c.objc; path = Configuration.m; sourceTree = "<group>"; };
		A31C7B9E144B17A900BD565D /* CaptureClothController.h */ = {isa = PBXFileReference; fileEncoding = 4; lastKnownFileType = sourcecode.c.h; path = CaptureClothController.h; sourceTree = "<group>"; };
		A31C7B9F144B17A900BD565D /* CaptureClothController.m */ = {isa = PBXFileReference; fileEncoding = 4; lastKnownFileType = sourcecode.c.objc; path = CaptureClothController.m; sourceTree = "<group>"; };
		A31C7BA0144B17A900BD565D /* CaptureClothController.xib */ = {isa = PBXFileReference; fileEncoding = 4; lastKnownFileType = file.xib; path = CaptureClothController.xib; sourceTree = "<group>"; };
		A3297D7B143DE2C000EBF25A /* 02.png */ = {isa = PBXFileReference; lastKnownFileType = image.png; path = 02.png; sourceTree = "<group>"; };
		A3297D7E143DE31300EBF25A /* SetupViewController.h */ = {isa = PBXFileReference; fileEncoding = 4; lastKnownFileType = sourcecode.c.h; path = SetupViewController.h; sourceTree = "<group>"; };
		A3297D7F143DE31300EBF25A /* SetupViewController.m */ = {isa = PBXFileReference; fileEncoding = 4; lastKnownFileType = sourcecode.c.objc; path = SetupViewController.m; sourceTree = "<group>"; };
		A3297D80143DE31300EBF25A /* SetupViewController.xib */ = {isa = PBXFileReference; fileEncoding = 4; lastKnownFileType = file.xib; path = SetupViewController.xib; sourceTree = "<group>"; };
		A3297D82143DE31300EBF25A /* FavoritesViewController.h */ = {isa = PBXFileReference; fileEncoding = 4; lastKnownFileType = sourcecode.c.h; path = FavoritesViewController.h; sourceTree = "<group>"; };
		A3297D83143DE31300EBF25A /* FavoritesViewController.m */ = {isa = PBXFileReference; fileEncoding = 4; lastKnownFileType = sourcecode.c.objc; path = FavoritesViewController.m; sourceTree = "<group>"; };
		A3297D84143DE31300EBF25A /* FavoritesViewController.xib */ = {isa = PBXFileReference; fileEncoding = 4; lastKnownFileType = file.xib; path = FavoritesViewController.xib; sourceTree = "<group>"; };
		A32BA5351433117B0019979B /* CoreGraphics.framework */ = {isa = PBXFileReference; lastKnownFileType = wrapper.framework; name = CoreGraphics.framework; path = System/Library/Frameworks/CoreGraphics.framework; sourceTree = SDKROOT; };
		A32BA5361433117B0019979B /* QuartzCore.framework */ = {isa = PBXFileReference; lastKnownFileType = wrapper.framework; name = QuartzCore.framework; path = System/Library/Frameworks/QuartzCore.framework; sourceTree = SDKROOT; };
		A32BA587143356100019979B /* UIImage+Blurring.h */ = {isa = PBXFileReference; fileEncoding = 4; lastKnownFileType = sourcecode.c.h; path = "UIImage+Blurring.h"; sourceTree = "<group>"; };
		A32BA588143356100019979B /* UIImage+Blurring.m */ = {isa = PBXFileReference; fileEncoding = 4; lastKnownFileType = sourcecode.c.objc; path = "UIImage+Blurring.m"; sourceTree = "<group>"; };
		A32BA589143356100019979B /* UIImage+Filtering.h */ = {isa = PBXFileReference; fileEncoding = 4; lastKnownFileType = sourcecode.c.h; path = "UIImage+Filtering.h"; sourceTree = "<group>"; };
		A32BA58A143356100019979B /* UIImage+Filtering.m */ = {isa = PBXFileReference; fileEncoding = 4; lastKnownFileType = sourcecode.c.objc; path = "UIImage+Filtering.m"; sourceTree = "<group>"; };
		A32BA58B143356100019979B /* UIImage+Masking.h */ = {isa = PBXFileReference; fileEncoding = 4; lastKnownFileType = sourcecode.c.h; path = "UIImage+Masking.h"; sourceTree = "<group>"; };
		A32BA58C143356100019979B /* UIImage+Masking.m */ = {isa = PBXFileReference; fileEncoding = 4; lastKnownFileType = sourcecode.c.objc; path = "UIImage+Masking.m"; sourceTree = "<group>"; };
		A32BA58D143356100019979B /* UIImage+Reflection.h */ = {isa = PBXFileReference; fileEncoding = 4; lastKnownFileType = sourcecode.c.h; path = "UIImage+Reflection.h"; sourceTree = "<group>"; };
		A32BA58E143356100019979B /* UIImage+Reflection.m */ = {isa = PBXFileReference; fileEncoding = 4; lastKnownFileType = sourcecode.c.objc; path = "UIImage+Reflection.m"; sourceTree = "<group>"; };
		A32BA58F143356100019979B /* UIImage+Resizing.h */ = {isa = PBXFileReference; fileEncoding = 4; lastKnownFileType = sourcecode.c.h; path = "UIImage+Resizing.h"; sourceTree = "<group>"; };
		A32BA590143356100019979B /* UIImage+Resizing.m */ = {isa = PBXFileReference; fileEncoding = 4; lastKnownFileType = sourcecode.c.objc; path = "UIImage+Resizing.m"; sourceTree = "<group>"; };
		A32BA591143356100019979B /* UIImage+Rotating.h */ = {isa = PBXFileReference; fileEncoding = 4; lastKnownFileType = sourcecode.c.h; path = "UIImage+Rotating.h"; sourceTree = "<group>"; };
		A32BA592143356100019979B /* UIImage+Rotating.m */ = {isa = PBXFileReference; fileEncoding = 4; lastKnownFileType = sourcecode.c.objc; path = "UIImage+Rotating.m"; sourceTree = "<group>"; };
		A32BA593143356100019979B /* UIImage+Saving.h */ = {isa = PBXFileReference; fileEncoding = 4; lastKnownFileType = sourcecode.c.h; path = "UIImage+Saving.h"; sourceTree = "<group>"; };
		A32BA594143356100019979B /* UIImage+Saving.m */ = {isa = PBXFileReference; fileEncoding = 4; lastKnownFileType = sourcecode.c.objc; path = "UIImage+Saving.m"; sourceTree = "<group>"; };
		A32BA596143356100019979B /* NYXImagesHelper.h */ = {isa = PBXFileReference; fileEncoding = 4; lastKnownFileType = sourcecode.c.h; path = NYXImagesHelper.h; sourceTree = "<group>"; };
		A32BA597143356100019979B /* NYXImagesHelper.m */ = {isa = PBXFileReference; fileEncoding = 4; lastKnownFileType = sourcecode.c.objc; path = NYXImagesHelper.m; sourceTree = "<group>"; };
		A32BA598143356100019979B /* NYXImagesUtilities.h */ = {isa = PBXFileReference; fileEncoding = 4; lastKnownFileType = sourcecode.c.h; path = NYXImagesUtilities.h; sourceTree = "<group>"; };
		A32BA5A1143357050019979B /* MobileCoreServices.framework */ = {isa = PBXFileReference; lastKnownFileType = wrapper.framework; name = MobileCoreServices.framework; path = System/Library/Frameworks/MobileCoreServices.framework; sourceTree = SDKROOT; };
		A32BA5A3143357370019979B /* ImageIO.framework */ = {isa = PBXFileReference; lastKnownFileType = wrapper.framework; name = ImageIO.framework; path = System/Library/Frameworks/ImageIO.framework; sourceTree = SDKROOT; };
		A32BA5A714336F830019979B /* ArmadioTableViewController.h */ = {isa = PBXFileReference; fileEncoding = 4; lastKnownFileType = sourcecode.c.h; path = ArmadioTableViewController.h; sourceTree = "<group>"; };
		A32BA5A814336F830019979B /* ArmadioTableViewController.m */ = {isa = PBXFileReference; fileEncoding = 4; lastKnownFileType = sourcecode.c.objc; path = ArmadioTableViewController.m; sourceTree = "<group>"; };
		A32BA5AC143375530019979B /* CoverViewController.h */ = {isa = PBXFileReference; fileEncoding = 4; lastKnownFileType = sourcecode.c.h; path = CoverViewController.h; sourceTree = "<group>"; };
		A32BA5AD143375530019979B /* CoverViewController.m */ = {isa = PBXFileReference; fileEncoding = 4; lastKnownFileType = sourcecode.c.objc; path = CoverViewController.m; sourceTree = "<group>"; };
		A32BA5AE143375530019979B /* CoverViewController.xib */ = {isa = PBXFileReference; fileEncoding = 4; lastKnownFileType = file.xib; path = CoverViewController.xib; sourceTree = "<group>"; };
		A32C974C1438AFD70038612E /* CurrState.h */ = {isa = PBXFileReference; fileEncoding = 4; lastKnownFileType = sourcecode.c.h; path = CurrState.h; sourceTree = "<group>"; };
		A32C974D1438AFD70038612E /* CurrState.m */ = {isa = PBXFileReference; fileEncoding = 4; lastKnownFileType = sourcecode.c.objc; path = CurrState.m; sourceTree = "<group>"; };
		A3316A98143F0D0E0042446C /* DataCache.h */ = {isa = PBXFileReference; fileEncoding = 4; lastKnownFileType = sourcecode.c.h; path = DataCache.h; sourceTree = "<group>"; };
		A3316A99143F0D0E0042446C /* DataCache.m */ = {isa = PBXFileReference; fileEncoding = 4; lastKnownFileType = sourcecode.c.objc; path = DataCache.m; sourceTree = "<group>"; };
		A3316A9A143F0D0E0042446C /* FlowCoverView.h */ = {isa = PBXFileReference; fileEncoding = 4; lastKnownFileType = sourcecode.c.h; path = FlowCoverView.h; sourceTree = "<group>"; };
		A3316A9B143F0D0E0042446C /* FlowCoverView.m */ = {isa = PBXFileReference; fileEncoding = 4; lastKnownFileType = sourcecode.c.objc; path = FlowCoverView.m; sourceTree = "<group>"; };
		A3316AA0143F10370042446C /* OpenGLES.framework */ = {isa = PBXFileReference; lastKnownFileType = wrapper.framework; name = OpenGLES.framework; path = System/Library/Frameworks/OpenGLES.framework; sourceTree = SDKROOT; };
		A357353B1426850F008A742D /* MapKit.framework */ = {isa = PBXFileReference; lastKnownFileType = wrapper.framework; name = MapKit.framework; path = System/Library/Frameworks/MapKit.framework; sourceTree = SDKROOT; };
		A357353D142686F8008A742D /* CoreLocation.framework */ = {isa = PBXFileReference; lastKnownFileType = wrapper.framework; name = CoreLocation.framework; path = System/Library/Frameworks/CoreLocation.framework; sourceTree = SDKROOT; };
		A357D7141435B7BC00594E69 /* FileSystem.h */ = {isa = PBXFileReference; fileEncoding = 4; lastKnownFileType = sourcecode.c.h; path = FileSystem.h; sourceTree = "<group>"; };
		A357D7151435B7BC00594E69 /* FileSystem.m */ = {isa = PBXFileReference; fileEncoding = 4; lastKnownFileType = sourcecode.c.objc; path = FileSystem.m; sourceTree = "<group>"; };
		A3645A811439C7AA00A13FB5 /* LookManagerView.xib */ = {isa = PBXFileReference; fileEncoding = 4; lastKnownFileType = file.xib; path = LookManagerView.xib; sourceTree = "<group>"; };
		A3645A821439C7AA00A13FB5 /* LookManagerVIewController.h */ = {isa = PBXFileReference; fileEncoding = 4; lastKnownFileType = sourcecode.c.h; path = LookManagerVIewController.h; sourceTree = "<group>"; };
		A3645A831439C7AA00A13FB5 /* LookManagerViewController.m */ = {isa = PBXFileReference; fileEncoding = 4; lastKnownFileType = sourcecode.c.objc; path = LookManagerViewController.m; sourceTree = "<group>"; };
		A36A7A311430B91C00BB8EB7 /* iArmadio-Info.plist */ = {isa = PBXFileReference; fileEncoding = 4; lastKnownFileType = text.plist.xml; name = "iArmadio-Info.plist"; path = "../iArmadio-Info.plist"; sourceTree = "<group>"; };
		A3816AE8143B5E57009643B4 /* SelectTypeViewController.h */ = {isa = PBXFileReference; fileEncoding = 4; lastKnownFileType = sourcecode.c.h; path = SelectTypeViewController.h; sourceTree = "<group>"; };
		A3816AE9143B5E57009643B4 /* SelectTypeViewController.m */ = {isa = PBXFileReference; fileEncoding = 4; lastKnownFileType = sourcecode.c.objc; path = SelectTypeViewController.m; sourceTree = "<group>"; };
		A3816AEA143B5E57009643B4 /* SelectTypeViewController.xib */ = {isa = PBXFileReference; fileEncoding = 4; lastKnownFileType = file.xib; path = SelectTypeViewController.xib; sourceTree = "<group>"; };
		A3A19EE414486191008E283D /* cappotto.png */ = {isa = PBXFileReference; lastKnownFileType = image.png; path = cappotto.png; sourceTree = "<group>"; };
		A3A66D681444DB3D0098F97C /* Default.png */ = {isa = PBXFileReference; lastKnownFileType = image.png; path = Default.png; sourceTree = "<group>"; };
		A3A66D6B1444DB3D0098F97C /* Default@2x.png */ = {isa = PBXFileReference; lastKnownFileType = image.png; path = "Default@2x.png"; sourceTree = "<group>"; };
		A3A89064144D7F320064D79B /* Config.plist */ = {isa = PBXFileReference; fileEncoding = 4; lastKnownFileType = text.plist.xml; path = Config.plist; sourceTree = "<group>"; };
		A3A976B5144DA7A900CEB5D6 /* ShakeView.xib */ = {isa = PBXFileReference; fileEncoding = 4; lastKnownFileType = file.xib; path = ShakeView.xib; sourceTree = "<group>"; };
		A3B10D44145463CC00C9A881 /* ProprietaVestito.h */ = {isa = PBXFileReference; fileEncoding = 4; lastKnownFileType = sourcecode.c.h; path = ProprietaVestito.h; sourceTree = "<group>"; };
		A3B10D45145463CC00C9A881 /* ProprietaVestito.m */ = {isa = PBXFileReference; fileEncoding = 4; lastKnownFileType = sourcecode.c.objc; path = ProprietaVestito.m; sourceTree = "<group>"; };
		A3B10D48145463CD00C9A881 /* Proprieta.h */ = {isa = PBXFileReference; fileEncoding = 4; lastKnownFileType = sourcecode.c.h; path = Proprieta.h; sourceTree = "<group>"; };
		A3B10D49145463CD00C9A881 /* Proprieta.m */ = {isa = PBXFileReference; fileEncoding = 4; lastKnownFileType = sourcecode.c.objc; path = Proprieta.m; sourceTree = "<group>"; };
		A3B10D4B145463CD00C9A881 /* Stile.h */ = {isa = PBXFileReference; fileEncoding = 4; lastKnownFileType = sourcecode.c.h; path = Stile.h; sourceTree = "<group>"; };
		A3B10D4C145463CD00C9A881 /* Stile.m */ = {isa = PBXFileReference; fileEncoding = 4; lastKnownFileType = sourcecode.c.objc; path = Stile.m; sourceTree = "<group>"; };
		A3B10D51145463CE00C9A881 /* Vestito.h */ = {isa = PBXFileReference; fileEncoding = 4; lastKnownFileType = sourcecode.c.h; path = Vestito.h; sourceTree = "<group>"; };
		A3B10D52145463CE00C9A881 /* Vestito.m */ = {isa = PBXFileReference; fileEncoding = 4; lastKnownFileType = sourcecode.c.objc; path = Vestito.m; sourceTree = "<group>"; };
		A3B10D54145463CE00C9A881 /* Tipologia.h */ = {isa = PBXFileReference; fileEncoding = 4; lastKnownFileType = sourcecode.c.h; path = Tipologia.h; sourceTree = "<group>"; };
		A3B10D55145463CE00C9A881 /* Tipologia.m */ = {isa = PBXFileReference; fileEncoding = 4; lastKnownFileType = sourcecode.c.objc; path = Tipologia.m; sourceTree = "<group>"; };
		A3B10D57145463CE00C9A881 /* Stagione.h */ = {isa = PBXFileReference; fileEncoding = 4; lastKnownFileType = sourcecode.c.h; path = Stagione.h; sourceTree = "<group>"; };
		A3B10D58145463CE00C9A881 /* Stagione.m */ = {isa = PBXFileReference; fileEncoding = 4; lastKnownFileType = sourcecode.c.objc; path = Stagione.m; sourceTree = "<group>"; };
		A3B10D5A145463CE00C9A881 /* ProprietaCombinazione.h */ = {isa = PBXFileReference; fileEncoding = 4; lastKnownFileType = sourcecode.c.h; path = ProprietaCombinazione.h; sourceTree = "<group>"; };
		A3B10D5B145463CE00C9A881 /* ProprietaCombinazione.m */ = {isa = PBXFileReference; fileEncoding = 4; lastKnownFileType = sourcecode.c.objc; path = ProprietaCombinazione.m; sourceTree = "<group>"; };
		A3B10D5D14546E5E00C9A881 /* icon-1star-002@x.png */ = {isa = PBXFileReference; lastKnownFileType = image.png; path = "icon-1star-002@x.png"; sourceTree = "<group>"; };
		A3B10D5E14546E5E00C9A881 /* icon-2star-002@x.png */ = {isa = PBXFileReference; lastKnownFileType = image.png; path = "icon-2star-002@x.png"; sourceTree = "<group>"; };
		A3B10D5F14546E5E00C9A881 /* icon-3star-002@x.png */ = {isa = PBXFileReference; lastKnownFileType = image.png; path = "icon-3star-002@x.png"; sourceTree = "<group>"; };
		A3B10D6B1454B09700C9A881 /* Combinazione.h */ = {isa = PBXFileReference; fileEncoding = 4; lastKnownFileType = sourcecode.c.h; path = Combinazione.h; sourceTree = "<group>"; };
		A3B10D6C1454B09700C9A881 /* Combinazione.m */ = {isa = PBXFileReference; fileEncoding = 4; lastKnownFileType = sourcecode.c.objc; path = Combinazione.m; sourceTree = "<group>"; };
		A3C94F481456B2BA00369340 /* scarpe.png */ = {isa = PBXFileReference; lastKnownFileType = image.png; path = scarpe.png; sourceTree = "<group>"; };
		A3C94F4B1456B2DE00369340 /* sciarpa.png */ = {isa = PBXFileReference; lastKnownFileType = image.png; path = sciarpa.png; sourceTree = "<group>"; };
		A3C94F4D1456B2E600369340 /* vestitino.png */ = {isa = PBXFileReference; lastKnownFileType = image.png; path = vestitino.png; sourceTree = "<group>"; };
		A3C94F4F1456B30F00369340 /* pantaloni.png */ = {isa = PBXFileReference; lastKnownFileType = image.png; path = pantaloni.png; sourceTree = "<group>"; };
		A3C94F511456B36F00369340 /* felpa.png */ = {isa = PBXFileReference; lastKnownFileType = image.png; path = felpa.png; sourceTree = "<group>"; };
		A3C94F531456B38D00369340 /* gonna.png */ = {isa = PBXFileReference; lastKnownFileType = image.png; path = gonna.png; sourceTree = "<group>"; };
		A3C94F551456B3C700369340 /* borsa.png */ = {isa = PBXFileReference; lastKnownFileType = image.png; path = borsa.png; sourceTree = "<group>"; };
		A3C94F571456B50600369340 /* cappello.png */ = {isa = PBXFileReference; lastKnownFileType = image.png; path = cappello.png; sourceTree = "<group>"; };
		A3C94F591456B54500369340 /* cintura.png */ = {isa = PBXFileReference; lastKnownFileType = image.png; path = cintura.png; sourceTree = "<group>"; };
		A3C94F5B1456B57200369340 /* giacca.png */ = {isa = PBXFileReference; lastKnownFileType = image.png; path = giacca.png; sourceTree = "<group>"; };
		A3C94F5D1456B5A900369340 /* cravatta.png */ = {isa = PBXFileReference; lastKnownFileType = image.png; path = cravatta.png; sourceTree = "<group>"; };
		A3C94F5F1456B74100369340 /* maglietta.png */ = {isa = PBXFileReference; lastKnownFileType = image.png; path = maglietta.png; sourceTree = "<group>"; };
		A3C94F611456B7A600369340 /* maglione.png */ = {isa = PBXFileReference; lastKnownFileType = image.png; path = maglione.png; sourceTree = "<group>"; };
		A3C94F631456B7D900369340 /* camicia.png */ = {isa = PBXFileReference; lastKnownFileType = image.png; path = camicia.png; sourceTree = "<group>"; };
		A3C94F651456C64D00369340 /* gruccia.png */ = {isa = PBXFileReference; lastKnownFileType = image.png; path = gruccia.png; sourceTree = "<group>"; };
		A3C94F671456C9B100369340 /* specchiera.png */ = {isa = PBXFileReference; lastKnownFileType = image.png; path = specchiera.png; sourceTree = "<group>"; };
		A3C94F691456E6E000369340 /* bookmark_deselect.png */ = {isa = PBXFileReference; lastKnownFileType = image.png; path = bookmark_deselect.png; sourceTree = "<group>"; };
		A3D7073C144CAB7D00469E06 /* CreditsViewController.h */ = {isa = PBXFileReference; fileEncoding = 4; lastKnownFileType = sourcecode.c.h; path = CreditsViewController.h; sourceTree = "<group>"; };
		A3D7073D144CAB7D00469E06 /* CreditsViewController.m */ = {isa = PBXFileReference; fileEncoding = 4; lastKnownFileType = sourcecode.c.objc; path = CreditsViewController.m; sourceTree = "<group>"; };
		A3D70743144CBF7600469E06 /* en */ = {isa = PBXFileReference; lastKnownFileType = file.xib; name = en; path = en.lproj/CreditsViewController.xib; sourceTree = "<group>"; };
		A3D70745144CBF8B00469E06 /* it */ = {isa = PBXFileReference; lastKnownFileType = file.xib; name = it; path = it.lproj/CreditsViewController.xib; sourceTree = "<group>"; };
		A3D70746144CBF9400469E06 /* ja */ = {isa = PBXFileReference; lastKnownFileType = file.xib; name = ja; path = ja.lproj/CreditsViewController.xib; sourceTree = "<group>"; };
		A3D81FD51449058D0028DD9F /* TabBarNipple.png */ = {isa = PBXFileReference; lastKnownFileType = image.png; path = TabBarNipple.png; sourceTree = "<group>"; };
		A3D81FD61449058D0028DD9F /* TabBarNipple@2x.png */ = {isa = PBXFileReference; lastKnownFileType = image.png; path = "TabBarNipple@2x.png"; sourceTree = "<group>"; };
		A3E846B31456158300426764 /* sfondo_texture.jpeg */ = {isa = PBXFileReference; lastKnownFileType = image.jpeg; path = sfondo_texture.jpeg; sourceTree = "<group>"; };
		A3E846B61456188900426764 /* sfondo1.png */ = {isa = PBXFileReference; lastKnownFileType = image.png; path = sfondo1.png; sourceTree = "<group>"; };
		A3E846B81456192300426764 /* lookpost.png */ = {isa = PBXFileReference; lastKnownFileType = image.png; path = lookpost.png; sourceTree = "<group>"; };
		A3E846BA14562B4800426764 /* vestito.png */ = {isa = PBXFileReference; lastKnownFileType = image.png; path = vestito.png; sourceTree = "<group>"; };
		A3E846BB14562B4800426764 /* completo.png */ = {isa = PBXFileReference; lastKnownFileType = image.png; path = completo.png; sourceTree = "<group>"; };
		A3E846BD14562B4800426764 /* maglietta.png */ = {isa = PBXFileReference; lastKnownFileType = image.png; path = maglietta.png; sourceTree = "<group>"; };
		A3EA477A1449DD2D0095349B /* ExtendTabBarController.h */ = {isa = PBXFileReference; fileEncoding = 4; lastKnownFileType = sourcecode.c.h; path = ExtendTabBarController.h; sourceTree = "<group>"; };
		A3EA477B1449DD2D0095349B /* ExtendTabBarController.m */ = {isa = PBXFileReference; fileEncoding = 4; lastKnownFileType = sourcecode.c.objc; path = ExtendTabBarController.m; sourceTree = "<group>"; };
		A3EA4782144A65710095349B /* icona.png */ = {isa = PBXFileReference; lastKnownFileType = image.png; path = icona.png; sourceTree = "<group>"; };
		A3EA4783144A65710095349B /* icona@2x.png */ = {isa = PBXFileReference; lastKnownFileType = image.png; path = "icona@2x.png"; sourceTree = "<group>"; };
		A3EB90FC14575A7000B92E33 /* star.png */ = {isa = PBXFileReference; lastKnownFileType = image.png; path = star.png; sourceTree = "<group>"; };
		A3EB90FF14575A9800B92E33 /* star_gray.png */ = {isa = PBXFileReference; lastKnownFileType = image.png; path = star_gray.png; sourceTree = "<group>"; };
		A3EB91011457695D00B92E33 /* bookmark.png */ = {isa = PBXFileReference; lastKnownFileType = image.png; path = bookmark.png; sourceTree = "<group>"; };
		A3F14744144F08E3007779DF /* LookViewController.xib */ = {isa = PBXFileReference; fileEncoding = 4; lastKnownFileType = file.xib; path = LookViewController.xib; sourceTree = "<group>"; };
		A3F14745144F08E3007779DF /* LookViewController.h */ = {isa = PBXFileReference; fileEncoding = 4; lastKnownFileType = sourcecode.c.h; path = LookViewController.h; sourceTree = "<group>"; };
		A3F14746144F08E3007779DF /* LookViewController.m */ = {isa = PBXFileReference; fileEncoding = 4; lastKnownFileType = sourcecode.c.objc; path = LookViewController.m; sourceTree = "<group>"; };
		A3F1474B144F0FB6007779DF /* LookTableView.xib */ = {isa = PBXFileReference; fileEncoding = 4; lastKnownFileType = file.xib; path = LookTableView.xib; sourceTree = "<group>"; };
		A3F1474C144F0FB6007779DF /* LookTableViewController.h */ = {isa = PBXFileReference; fileEncoding = 4; lastKnownFileType = sourcecode.c.h; path = LookTableViewController.h; sourceTree = "<group>"; };
		A3F1474D144F0FB6007779DF /* LookTableViewController.m */ = {isa = PBXFileReference; fileEncoding = 4; lastKnownFileType = sourcecode.c.objc; path = LookTableViewController.m; sourceTree = "<group>"; };
		A3FB194614462725003620C5 /* images.plist */ = {isa = PBXFileReference; fileEncoding = 4; lastKnownFileType = text.plist.xml; path = images.plist; sourceTree = "<group>"; };
		A3FB91D31438FF8E009AF9B4 /* ArmadioTableView.xib */ = {isa = PBXFileReference; fileEncoding = 4; lastKnownFileType = file.xib; path = ArmadioTableView.xib; sourceTree = "<group>"; };
		A3FBCA91144C11C80071A213 /* en */ = {isa = PBXFileReference; lastKnownFileType = text.plist.strings; name = en; path = en.lproj/Localizable.strings; sourceTree = "<group>"; };
		A3FBCA93144C11D10071A213 /* it */ = {isa = PBXFileReference; lastKnownFileType = text.plist.strings; name = it; path = it.lproj/Localizable.strings; sourceTree = "<group>"; };
		A3FBCAA0144C6D040071A213 /* ja */ = {isa = PBXFileReference; lastKnownFileType = text.plist.strings; name = ja; path = ja.lproj/Localizable.strings; sourceTree = "<group>"; };
/* End PBXFileReference section */

/* Begin PBXFrameworksBuildPhase section */
		9CD1ACA81412840600441AB7 /* Frameworks */ = {
			isa = PBXFrameworksBuildPhase;
			buildActionMask = 2147483647;
			files = (
				A3316AA1143F10370042446C /* OpenGLES.framework in Frameworks */,
				A32BA5A4143357370019979B /* ImageIO.framework in Frameworks */,
				A32BA5A2143357050019979B /* MobileCoreServices.framework in Frameworks */,
				9CD1ACB41412840600441AB7 /* CoreGraphics.framework in Frameworks */,
				A32BA5371433117B0019979B /* QuartzCore.framework in Frameworks */,
				A357353E142686F8008A742D /* CoreLocation.framework in Frameworks */,
				A357353C1426850F008A742D /* MapKit.framework in Frameworks */,
				9CD1ACD61412841E00441AB7 /* CoreData.framework in Frameworks */,
				9CD1ACB01412840600441AB7 /* UIKit.framework in Frameworks */,
				9CD1ACB21412840600441AB7 /* Foundation.framework in Frameworks */,
			);
			runOnlyForDeploymentPostprocessing = 0;
		};
/* End PBXFrameworksBuildPhase section */

/* Begin PBXGroup section */
		9CD1ACA01412840500441AB7 = {
			isa = PBXGroup;
			children = (
				A30A32D814308E3100D44356 /* iArmadio */,
				9CD1ACAE1412840600441AB7 /* Frameworks */,
				9CD1ACAC1412840600441AB7 /* Products */,
			);
			sourceTree = "<group>";
		};
		9CD1ACAC1412840600441AB7 /* Products */ = {
			isa = PBXGroup;
			children = (
				9CD1ACAB1412840600441AB7 /* iArmadio.app */,
			);
			name = Products;
			sourceTree = "<group>";
		};
		9CD1ACAE1412840600441AB7 /* Frameworks */ = {
			isa = PBXGroup;
			children = (
				A3316AA0143F10370042446C /* OpenGLES.framework */,
				A32BA5A3143357370019979B /* ImageIO.framework */,
				A32BA5A1143357050019979B /* MobileCoreServices.framework */,
				A32BA5351433117B0019979B /* CoreGraphics.framework */,
				A32BA5361433117B0019979B /* QuartzCore.framework */,
				A357353D142686F8008A742D /* CoreLocation.framework */,
				A357353B1426850F008A742D /* MapKit.framework */,
				9CD1ACD51412841E00441AB7 /* CoreData.framework */,
				9CD1ACAF1412840600441AB7 /* UIKit.framework */,
				9CD1ACB11412840600441AB7 /* Foundation.framework */,
				9CD1ACB31412840600441AB7 /* CoreGraphics.framework */,
			);
			name = Frameworks;
			sourceTree = "<group>";
		};
		A30A32D814308E3100D44356 /* iArmadio */ = {
			isa = PBXGroup;
			children = (
				A31C7B99144B171300BD565D /* Configuration */,
				A31C7B95144B16DB00BD565D /* ButtonSegmentControl */,
				A3316A97143F0D0E0042446C /* FlowCover */,
				A32BA586143356100019979B /* Categories */,
				A32BA595143356100019979B /* Helper */,
				A3297D7D143DE31200EBF25A /* Setup */,
				A3297D81143DE31300EBF25A /* Preferiti */,
				A30A330114308E3100D44356 /* GeoLocal */,
				A30A32E714308E3100D44356 /* Dao */,
				A3645A7B1439C7AA00A13FB5 /* LookManager */,
				A30A32D914308E3100D44356 /* ClothManager */,
				A30A331214308E3100D44356 /* Shake2Style */,
				A30A32EC14308E3100D44356 /* InfoPlist.strings */,
				A30A330414308E3100D44356 /* iArmadio-Prefix.pch */,
				A30A330514308E3100D44356 /* iArmadio.xcdatamodeld */,
				A30A330814308E3100D44356 /* iArmadioAppDelegate.h */,
				A30A330914308E3100D44356 /* iArmadioAppDelegate.m */,
				A30A330C14308E3100D44356 /* main.m */,
				A30A330D14308E3100D44356 /* MainWindow.xib */,
				A30A331514308E3100D44356 /* Supporting File */,
			);
			path = iArmadio;
			sourceTree = "<group>";
		};
		A30A32D914308E3100D44356 /* ClothManager */ = {
			isa = PBXGroup;
			children = (
				A31C7B9D144B17A900BD565D /* PickerController */,
				A32BA5AB143375520019979B /* CoverFlowCloth */,
				A32BA5A514336F820019979B /* ArmadioViewTable */,
				A30A32DA14308E3100D44356 /* Add&ModifyCloth */,
				A30A32E014308E3100D44356 /* ClothManagerView.xib */,
				A30A32E114308E3100D44356 /* ClothManagerViewController.h */,
				A30A32E214308E3100D44356 /* ClothManagerViewController.m */,
			);
			path = ClothManager;
			sourceTree = "<group>";
		};
		A30A32DA14308E3100D44356 /* Add&ModifyCloth */ = {
			isa = PBXGroup;
			children = (
				A30A32EA14308E3100D44356 /* ClothView.xib */,
				A30A32DE14308E3100D44356 /* ClothViewController.h */,
				A30A32DF14308E3100D44356 /* ClothViewController.m */,
				A3816AE8143B5E57009643B4 /* SelectTypeViewController.h */,
				A3816AE9143B5E57009643B4 /* SelectTypeViewController.m */,
				A3816AEA143B5E57009643B4 /* SelectTypeViewController.xib */,
			);
			path = "Add&ModifyCloth";
			sourceTree = "<group>";
		};
		A30A32E714308E3100D44356 /* Dao */ = {
			isa = PBXGroup;
			children = (
				A30A32F014308E3100D44356 /* Entities */,
				A30A32E814308E3100D44356 /* IarmadioDao.h */,
				A30A32E914308E3100D44356 /* IarmadioDao.m */,
				A32C974C1438AFD70038612E /* CurrState.h */,
				A32C974D1438AFD70038612E /* CurrState.m */,
			);
			path = Dao;
			sourceTree = "<group>";
		};
		A30A32F014308E3100D44356 /* Entities */ = {
			isa = PBXGroup;
			children = (
				A3B10D6B1454B09700C9A881 /* Combinazione.h */,
				A3B10D6C1454B09700C9A881 /* Combinazione.m */,
				A3B10D5A145463CE00C9A881 /* ProprietaCombinazione.h */,
				A3B10D5B145463CE00C9A881 /* ProprietaCombinazione.m */,
				A3B10D57145463CE00C9A881 /* Stagione.h */,
				A3B10D58145463CE00C9A881 /* Stagione.m */,
				A3B10D54145463CE00C9A881 /* Tipologia.h */,
				A3B10D55145463CE00C9A881 /* Tipologia.m */,
				A3B10D51145463CE00C9A881 /* Vestito.h */,
				A3B10D52145463CE00C9A881 /* Vestito.m */,
				A3B10D4B145463CD00C9A881 /* Stile.h */,
				A3B10D4C145463CD00C9A881 /* Stile.m */,
				A3B10D48145463CD00C9A881 /* Proprieta.h */,
				A3B10D49145463CD00C9A881 /* Proprieta.m */,
				A3B10D44145463CC00C9A881 /* ProprietaVestito.h */,
				A3B10D45145463CC00C9A881 /* ProprietaVestito.m */,
			);
			name = Entities;
			path = ../Entities;
			sourceTree = "<group>";
		};
		A30A330114308E3100D44356 /* GeoLocal */ = {
			isa = PBXGroup;
			children = (
				A30A330214308E3100D44356 /* GeoLocal.h */,
				A30A330314308E3100D44356 /* GeoLocal.m */,
			);
			path = GeoLocal;
			sourceTree = "<group>";
		};
		A30A331214308E3100D44356 /* Shake2Style */ = {
			isa = PBXGroup;
			children = (
				A30A331314308E3100D44356 /* Shake2Style.h */,
				A30A331414308E3100D44356 /* Shake2Style.m */,
				A3A976B5144DA7A900CEB5D6 /* ShakeView.xib */,
			);
			path = Shake2Style;
			sourceTree = "<group>";
		};
		A30A331514308E3100D44356 /* Supporting File */ = {
			isa = PBXGroup;
			children = (
				A3EA477E1449FD3A0095349B /* images */,
				A3FB194614462725003620C5 /* images.plist */,
				A36A7A311430B91C00BB8EB7 /* iArmadio-Info.plist */,
				A30A331914308E3100D44356 /* stagione.plist */,
				A30A331A14308E3100D44356 /* stile.plist */,
				A30A331C14308E3100D44356 /* tipologia.plist */,
				A3FBCA92144C11C80071A213 /* Localizable.strings */,
				A3A89064144D7F320064D79B /* Config.plist */,
			);
			path = "Supporting File";
			sourceTree = "<group>";
		};
		A31C7B95144B16DB00BD565D /* ButtonSegmentControl */ = {
			isa = PBXGroup;
			children = (
				A31C7B96144B16DB00BD565D /* ButtonSegmentControl.h */,
				A31C7B97144B16DB00BD565D /* ButtonSegmentControl.m */,
			);
			path = ButtonSegmentControl;
			sourceTree = "<group>";
		};
		A31C7B99144B171300BD565D /* Configuration */ = {
			isa = PBXGroup;
			children = (
				A31C7B9A144B171300BD565D /* Configuration.h */,
				A31C7B9B144B171300BD565D /* Configuration.m */,
			);
			path = Configuration;
			sourceTree = "<group>";
		};
		A31C7B9D144B17A900BD565D /* PickerController */ = {
			isa = PBXGroup;
			children = (
				A31C7B9E144B17A900BD565D /* CaptureClothController.h */,
				A31C7B9F144B17A900BD565D /* CaptureClothController.m */,
				A31C7BA0144B17A900BD565D /* CaptureClothController.xib */,
			);
			path = PickerController;
			sourceTree = "<group>";
		};
		A3297D7D143DE31200EBF25A /* Setup */ = {
			isa = PBXGroup;
			children = (
				A3297D7E143DE31300EBF25A /* SetupViewController.h */,
				A3297D7F143DE31300EBF25A /* SetupViewController.m */,
				A3297D80143DE31300EBF25A /* SetupViewController.xib */,
				A3D7073C144CAB7D00469E06 /* CreditsViewController.h */,
				A3D7073D144CAB7D00469E06 /* CreditsViewController.m */,
				A3D70744144CBF7600469E06 /* CreditsViewController.xib */,
			);
			path = Setup;
			sourceTree = "<group>";
		};
		A3297D81143DE31300EBF25A /* Preferiti */ = {
			isa = PBXGroup;
			children = (
				A3297D82143DE31300EBF25A /* FavoritesViewController.h */,
				A3297D83143DE31300EBF25A /* FavoritesViewController.m */,
				A3297D84143DE31300EBF25A /* FavoritesViewController.xib */,
			);
			path = Preferiti;
			sourceTree = "<group>";
		};
		A32BA586143356100019979B /* Categories */ = {
			isa = PBXGroup;
			children = (
				A32BA587143356100019979B /* UIImage+Blurring.h */,
				A32BA588143356100019979B /* UIImage+Blurring.m */,
				A32BA589143356100019979B /* UIImage+Filtering.h */,
				A32BA58A143356100019979B /* UIImage+Filtering.m */,
				A32BA58B143356100019979B /* UIImage+Masking.h */,
				A32BA58C143356100019979B /* UIImage+Masking.m */,
				A32BA58D143356100019979B /* UIImage+Reflection.h */,
				A32BA58E143356100019979B /* UIImage+Reflection.m */,
				A32BA58F143356100019979B /* UIImage+Resizing.h */,
				A32BA590143356100019979B /* UIImage+Resizing.m */,
				A32BA591143356100019979B /* UIImage+Rotating.h */,
				A32BA592143356100019979B /* UIImage+Rotating.m */,
				A32BA593143356100019979B /* UIImage+Saving.h */,
				A32BA594143356100019979B /* UIImage+Saving.m */,
				A357D7141435B7BC00594E69 /* FileSystem.h */,
				A357D7151435B7BC00594E69 /* FileSystem.m */,
				A3EA477A1449DD2D0095349B /* ExtendTabBarController.h */,
				A3EA477B1449DD2D0095349B /* ExtendTabBarController.m */,
			);
			path = Categories;
			sourceTree = "<group>";
		};
		A32BA595143356100019979B /* Helper */ = {
			isa = PBXGroup;
			children = (
				A32BA596143356100019979B /* NYXImagesHelper.h */,
				A32BA597143356100019979B /* NYXImagesHelper.m */,
				A32BA598143356100019979B /* NYXImagesUtilities.h */,
			);
			path = Helper;
			sourceTree = "<group>";
		};
		A32BA5A514336F820019979B /* ArmadioViewTable */ = {
			isa = PBXGroup;
			children = (
				A32BA5A714336F830019979B /* ArmadioTableViewController.h */,
				A32BA5A814336F830019979B /* ArmadioTableViewController.m */,
				A3FB91D31438FF8E009AF9B4 /* ArmadioTableView.xib */,
			);
			path = ArmadioViewTable;
			sourceTree = "<group>";
		};
		A32BA5AB143375520019979B /* CoverFlowCloth */ = {
			isa = PBXGroup;
			children = (
				A32BA5AC143375530019979B /* CoverViewController.h */,
				A32BA5AD143375530019979B /* CoverViewController.m */,
				A32BA5AE143375530019979B /* CoverViewController.xib */,
			);
			path = CoverFlowCloth;
			sourceTree = "<group>";
		};
		A3316A97143F0D0E0042446C /* FlowCover */ = {
			isa = PBXGroup;
			children = (
				A3316A98143F0D0E0042446C /* DataCache.h */,
				A3316A99143F0D0E0042446C /* DataCache.m */,
				A3316A9A143F0D0E0042446C /* FlowCoverView.h */,
				A3316A9B143F0D0E0042446C /* FlowCoverView.m */,
			);
			path = FlowCover;
			sourceTree = "<group>";
		};
		A3645A7B1439C7AA00A13FB5 /* LookManager */ = {
			isa = PBXGroup;
			children = (
				A3F14743144F08E3007779DF /* Add&ModifyLook */,
				A3F1474A144F0FB6007779DF /* LookViewTable */,
				A3645A821439C7AA00A13FB5 /* LookManagerVIewController.h */,
				A3645A811439C7AA00A13FB5 /* LookManagerView.xib */,
				A3645A831439C7AA00A13FB5 /* LookManagerViewController.m */,
			);
			path = LookManager;
			sourceTree = "<group>";
		};
		A3EA477E1449FD3A0095349B /* images */ = {
			isa = PBXGroup;
			children = (
				A3EA4782144A65710095349B /* icona.png */,
				A3EA4783144A65710095349B /* icona@2x.png */,
				A3EA47811449FD940095349B /* background */,
				A3EA47801449FD6A0095349B /* icone_interfaccia */,
				A3EA477F1449FD4B0095349B /* icone_vestiti */,
			);
			name = images;
			sourceTree = "<group>";
		};
		A3EA477F1449FD4B0095349B /* icone_vestiti */ = {
			isa = PBXGroup;
			children = (
				A3C94F631456B7D900369340 /* camicia.png */,
				A3C94F611456B7A600369340 /* maglione.png */,
				A3C94F5F1456B74100369340 /* maglietta.png */,
				A3C94F5D1456B5A900369340 /* cravatta.png */,
				A3C94F5B1456B57200369340 /* giacca.png */,
				A3C94F591456B54500369340 /* cintura.png */,
				A3C94F571456B50600369340 /* cappello.png */,
				A3C94F551456B3C700369340 /* borsa.png */,
				A3C94F531456B38D00369340 /* gonna.png */,
				A3C94F511456B36F00369340 /* felpa.png */,
				A3C94F4F1456B30F00369340 /* pantaloni.png */,
				A3C94F4B1456B2DE00369340 /* sciarpa.png */,
				A3C94F4D1456B2E600369340 /* vestitino.png */,
				A3C94F481456B2BA00369340 /* scarpe.png */,
				A3E846BA14562B4800426764 /* vestito.png */,
				A3E846BB14562B4800426764 /* completo.png */,
				A3E846BD14562B4800426764 /* maglietta.png */,
				A3A19EE414486191008E283D /* cappotto.png */,
			);
			name = icone_vestiti;
			sourceTree = "<group>";
		};
		A3EA47801449FD6A0095349B /* icone_interfaccia */ = {
			isa = PBXGroup;
			children = (
				A31B3AD8145A0E6200BD0F73 /* freddo.png */,
				A31B3AD9145A0E6200BD0F73 /* caldo.png */,
				A31B3AD4145A0AA100BD0F73 /* mezzastagione.png */,
				A31B3ACE145A068900BD0F73 /* cal_32x32.png */,
				A31B3ACF145A068900BD0F73 /* emptyCloth.png */,
				A31B3ACA1459F77D00BD0F73 /* zoom_in.png */,
				A31B3ACB1459F77D00BD0F73 /* zoom_out.png */,
				A3EB90FF14575A9800B92E33 /* star_gray.png */,
				A3EB90FC14575A7000B92E33 /* star.png */,
				A3EB91011457695D00B92E33 /* bookmark.png */,
				A3C94F691456E6E000369340 /* bookmark_deselect.png */,
				A3C94F671456C9B100369340 /* specchiera.png */,
				A3C94F651456C64D00369340 /* gruccia.png */,
				A3E846B81456192300426764 /* lookpost.png */,
				A3B10D5D14546E5E00C9A881 /* icon-1star-002@x.png */,
				A3B10D5E14546E5E00C9A881 /* icon-2star-002@x.png */,
				A3B10D5F14546E5E00C9A881 /* icon-3star-002@x.png */,
				A3D81FD51449058D0028DD9F /* TabBarNipple.png */,
				A3D81FD61449058D0028DD9F /* TabBarNipple@2x.png */,
				A3297D7B143DE2C000EBF25A /* 02.png */,
				A30A331614308E3100D44356 /* 02@2x.png */,
			);
			name = icone_interfaccia;
			sourceTree = "<group>";
		};
		A3EA47811449FD940095349B /* background */ = {
			isa = PBXGroup;
			children = (
				A3E846B61456188900426764 /* sfondo1.png */,
				A3E846B31456158300426764 /* sfondo_texture.jpeg */,
				A3A66D681444DB3D0098F97C /* Default.png */,
				A3A66D6B1444DB3D0098F97C /* Default@2x.png */,
			);
			name = background;
			sourceTree = "<group>";
		};
		A3F14743144F08E3007779DF /* Add&ModifyLook */ = {
			isa = PBXGroup;
			children = (
				A3F14744144F08E3007779DF /* LookViewController.xib */,
				A3F14745144F08E3007779DF /* LookViewController.h */,
				A3F14746144F08E3007779DF /* LookViewController.m */,
			);
			path = "Add&ModifyLook";
			sourceTree = "<group>";
		};
		A3F1474A144F0FB6007779DF /* LookViewTable */ = {
			isa = PBXGroup;
			children = (
				A3F1474B144F0FB6007779DF /* LookTableView.xib */,
				A3F1474C144F0FB6007779DF /* LookTableViewController.h */,
				A3F1474D144F0FB6007779DF /* LookTableViewController.m */,
			);
			path = LookViewTable;
			sourceTree = "<group>";
		};
/* End PBXGroup section */

/* Begin PBXNativeTarget section */
		9CD1ACAA1412840600441AB7 /* iArmadio */ = {
			isa = PBXNativeTarget;
			buildConfigurationList = 9CD1ACD21412840600441AB7 /* Build configuration list for PBXNativeTarget "iArmadio" */;
			buildPhases = (
				9CD1ACA71412840600441AB7 /* Sources */,
				9CD1ACA81412840600441AB7 /* Frameworks */,
				9CD1ACA91412840600441AB7 /* Resources */,
			);
			buildRules = (
			);
			dependencies = (
			);
			name = iArmadio;
			productName = iArmadio;
			productReference = 9CD1ACAB1412840600441AB7 /* iArmadio.app */;
			productType = "com.apple.product-type.application";
		};
/* End PBXNativeTarget section */

/* Begin PBXProject section */
		9CD1ACA21412840500441AB7 /* Project object */ = {
			isa = PBXProject;
			attributes = {
				LastUpgradeCheck = 0420;
			};
			buildConfigurationList = 9CD1ACA51412840500441AB7 /* Build configuration list for PBXProject "iArmadio" */;
			compatibilityVersion = "Xcode 3.2";
			developmentRegion = English;
			hasScannedForEncodings = 0;
			knownRegions = (
				en,
				it,
				ja,
			);
			mainGroup = 9CD1ACA01412840500441AB7;
			productRefGroup = 9CD1ACAC1412840600441AB7 /* Products */;
			projectDirPath = "";
			projectRoot = "";
			targets = (
				9CD1ACAA1412840600441AB7 /* iArmadio */,
			);
		};
/* End PBXProject section */

/* Begin PBXResourcesBuildPhase section */
		9CD1ACA91412840600441AB7 /* Resources */ = {
			isa = PBXResourcesBuildPhase;
			buildActionMask = 2147483647;
			files = (
				A3645B75143A27CA00A13FB5 /* iArmadio.xcdatamodeld in Resources */,
				A30A332014308E3100D44356 /* ClothManagerView.xib in Resources */,
				A30A332514308E3100D44356 /* ClothView.xib in Resources */,
				A30A332614308E3100D44356 /* InfoPlist.strings in Resources */,
				A30A333414308E3100D44356 /* MainWindow.xib in Resources */,
				A30A333814308E3100D44356 /* 02@2x.png in Resources */,
				A30A333B14308E3100D44356 /* stagione.plist in Resources */,
				A30A333C14308E3100D44356 /* stile.plist in Resources */,
				A30A333E14308E3100D44356 /* tipologia.plist in Resources */,
				A32BA5B0143375530019979B /* CoverViewController.xib in Resources */,
				A3FB91D41438FF8F009AF9B4 /* ArmadioTableView.xib in Resources */,
				A3645A861439C7AA00A13FB5 /* LookManagerView.xib in Resources */,
				A3816AEC143B5E57009643B4 /* SelectTypeViewController.xib in Resources */,
				A3297D7C143DE2C000EBF25A /* 02.png in Resources */,
				A3297D86143DE31300EBF25A /* SetupViewController.xib in Resources */,
				A3297D88143DE31300EBF25A /* FavoritesViewController.xib in Resources */,
				A3FB194714462726003620C5 /* images.plist in Resources */,
				A3A19EE614486191008E283D /* cappotto.png in Resources */,
				A3D81FD71449058D0028DD9F /* TabBarNipple.png in Resources */,
				A3D81FD81449058D0028DD9F /* TabBarNipple@2x.png in Resources */,
				A3EA4784144A65710095349B /* icona.png in Resources */,
				A3EA4785144A65710095349B /* icona@2x.png in Resources */,
				A31C7BA2144B17A900BD565D /* CaptureClothController.xib in Resources */,
				A3FBCA90144C11C80071A213 /* Localizable.strings in Resources */,
				A3D70742144CBF7600469E06 /* CreditsViewController.xib in Resources */,
				A3A89065144D7F320064D79B /* Config.plist in Resources */,
				A3A976B6144DA7AA00CEB5D6 /* ShakeView.xib in Resources */,
				A3F14747144F08E3007779DF /* LookViewController.xib in Resources */,
				A3F1474E144F0FB6007779DF /* LookTableView.xib in Resources */,
				A3B10D6014546E5E00C9A881 /* icon-1star-002@x.png in Resources */,
				A3B10D6114546E5E00C9A881 /* icon-2star-002@x.png in Resources */,
				A3B10D6214546E5E00C9A881 /* icon-3star-002@x.png in Resources */,
				A3E846B41456158300426764 /* sfondo_texture.jpeg in Resources */,
				A3E846B71456188900426764 /* sfondo1.png in Resources */,
				A3E846B91456192300426764 /* lookpost.png in Resources */,
				A3E846BE14562B4800426764 /* vestito.png in Resources */,
				A3E846BF14562B4800426764 /* completo.png in Resources */,
				A3E846C114562B4800426764 /* maglietta.png in Resources */,
				A3C94F491456B2BA00369340 /* scarpe.png in Resources */,
				A3C94F4C1456B2DF00369340 /* sciarpa.png in Resources */,
				A3C94F4E1456B2E600369340 /* vestitino.png in Resources */,
				A3C94F501456B30F00369340 /* pantaloni.png in Resources */,
				A3C94F521456B36F00369340 /* felpa.png in Resources */,
				A3C94F541456B38E00369340 /* gonna.png in Resources */,
				A3C94F561456B3C700369340 /* borsa.png in Resources */,
				A3C94F581456B50600369340 /* cappello.png in Resources */,
				A3C94F5A1456B54600369340 /* cintura.png in Resources */,
				A3C94F5C1456B57200369340 /* giacca.png in Resources */,
				A3C94F5E1456B5A900369340 /* cravatta.png in Resources */,
				A3C94F621456B7A600369340 /* maglione.png in Resources */,
				A3C94F641456B7D900369340 /* camicia.png in Resources */,
				A3C94F661456C64D00369340 /* gruccia.png in Resources */,
				A3C94F681456C9B100369340 /* specchiera.png in Resources */,
				A3C94F6A1456E6E000369340 /* bookmark_deselect.png in Resources */,
				A3EB90FD14575A7000B92E33 /* star.png in Resources */,
				A3EB910014575A9800B92E33 /* star_gray.png in Resources */,
				A3EB91021457695D00B92E33 /* bookmark.png in Resources */,
				A31B3ACC1459F77D00BD0F73 /* zoom_in.png in Resources */,
				A31B3ACD1459F77D00BD0F73 /* zoom_out.png in Resources */,
				A31B3AD0145A068900BD0F73 /* cal_32x32.png in Resources */,
				A31B3AD1145A068900BD0F73 /* emptyCloth.png in Resources */,
				A31B3AD7145A0AA200BD0F73 /* mezzastagione.png in Resources */,
				A31B3ADA145A0E6200BD0F73 /* freddo.png in Resources */,
				A31B3ADB145A0E6200BD0F73 /* caldo.png in Resources */,
			);
			runOnlyForDeploymentPostprocessing = 0;
		};
/* End PBXResourcesBuildPhase section */

/* Begin PBXSourcesBuildPhase section */
		9CD1ACA71412840600441AB7 /* Sources */ = {
			isa = PBXSourcesBuildPhase;
			buildActionMask = 2147483647;
			files = (
				A3645B241439ECD200A13FB5 /* NYXImagesHelper.m in Sources */,
				A3645B281439ECD200A13FB5 /* GeoLocal.m in Sources */,
				A3645B311439ECD200A13FB5 /* IarmadioDao.m in Sources */,
				A3645B321439ECD200A13FB5 /* CurrState.m in Sources */,
				A3645B341439ECD200A13FB5 /* LookManagerViewController.m in Sources */,
				A3645B351439ECD200A13FB5 /* CoverViewController.m in Sources */,
				A3645B361439ECD200A13FB5 /* ArmadioTableViewController.m in Sources */,
				A3645B381439ECD200A13FB5 /* ClothViewController.m in Sources */,
				A3645B391439ECD200A13FB5 /* ClothManagerViewController.m in Sources */,
				A3645B3B1439ECD200A13FB5 /* iArmadioAppDelegate.m in Sources */,
				A3645B3C1439ECD200A13FB5 /* main.m in Sources */,
				A3645B3D1439ECD200A13FB5 /* Shake2Style.m in Sources */,
				A3645B151439EBC800A13FB5 /* UIImage+Blurring.m in Sources */,
				A3645B171439EBC800A13FB5 /* UIImage+Filtering.m in Sources */,
				A3645B191439EBC800A13FB5 /* UIImage+Masking.m in Sources */,
				A3645B1B1439EBC800A13FB5 /* UIImage+Reflection.m in Sources */,
				A3645B1D1439EBC800A13FB5 /* UIImage+Resizing.m in Sources */,
				A3645B1F1439EBC800A13FB5 /* UIImage+Rotating.m in Sources */,
				A3645B211439EBC800A13FB5 /* UIImage+Saving.m in Sources */,
				A3645B231439EBC800A13FB5 /* FileSystem.m in Sources */,
				A3816AEB143B5E57009643B4 /* SelectTypeViewController.m in Sources */,
				A3297D85143DE31300EBF25A /* SetupViewController.m in Sources */,
				A3297D87143DE31300EBF25A /* FavoritesViewController.m in Sources */,
				A3316A9C143F0D0E0042446C /* DataCache.m in Sources */,
				A3316A9D143F0D0E0042446C /* FlowCoverView.m in Sources */,
				A3EA477C1449DD2D0095349B /* ExtendTabBarController.m in Sources */,
				A31C7B98144B16DB00BD565D /* ButtonSegmentControl.m in Sources */,
				A31C7B9C144B171300BD565D /* Configuration.m in Sources */,
				A31C7BA1144B17A900BD565D /* CaptureClothController.m in Sources */,
				A3D7073F144CAB7D00469E06 /* CreditsViewController.m in Sources */,
				A3F14748144F08E3007779DF /* LookViewController.m in Sources */,
				A3F1474F144F0FB6007779DF /* LookTableViewController.m in Sources */,
				A3B10D46145463CC00C9A881 /* ProprietaVestito.m in Sources */,
				A3B10D4A145463CD00C9A881 /* Proprieta.m in Sources */,
				A3B10D4D145463CD00C9A881 /* Stile.m in Sources */,
				A3B10D53145463CE00C9A881 /* Vestito.m in Sources */,
				A3B10D56145463CE00C9A881 /* Tipologia.m in Sources */,
				A3B10D59145463CE00C9A881 /* Stagione.m in Sources */,
				A3B10D5C145463CE00C9A881 /* ProprietaCombinazione.m in Sources */,
				A3B10D6D1454B09700C9A881 /* Combinazione.m in Sources */,
			);
			runOnlyForDeploymentPostprocessing = 0;
		};
/* End PBXSourcesBuildPhase section */

/* Begin PBXVariantGroup section */
		A30A32EA14308E3100D44356 /* ClothView.xib */ = {
			isa = PBXVariantGroup;
			children = (
				A30A32EB14308E3100D44356 /* en */,
			);
			name = ClothView.xib;
			path = ../..;
			sourceTree = "<group>";
		};
		A30A32EC14308E3100D44356 /* InfoPlist.strings */ = {
			isa = PBXVariantGroup;
			children = (
				A30A32ED14308E3100D44356 /* en */,
				A30A330A14308E3100D44356 /* it */,
			);
			name = InfoPlist.strings;
			sourceTree = "<group>";
		};
		A3D70744144CBF7600469E06 /* CreditsViewController.xib */ = {
			isa = PBXVariantGroup;
			children = (
				A3D70743144CBF7600469E06 /* en */,
				A3D70745144CBF8B00469E06 /* it */,
				A3D70746144CBF9400469E06 /* ja */,
			);
			name = CreditsViewController.xib;
			sourceTree = "<group>";
		};
		A3FBCA92144C11C80071A213 /* Localizable.strings */ = {
			isa = PBXVariantGroup;
			children = (
				A3FBCA91144C11C80071A213 /* en */,
				A3FBCA93144C11D10071A213 /* it */,
				A3FBCAA0144C6D040071A213 /* ja */,
			);
			name = Localizable.strings;
			sourceTree = "<group>";
		};
/* End PBXVariantGroup section */

/* Begin XCBuildConfiguration section */
		9CD1ACD01412840600441AB7 /* Debug */ = {
			isa = XCBuildConfiguration;
			buildSettings = {
				ALWAYS_SEARCH_USER_PATHS = NO;
				ARCHS = "$(ARCHS_STANDARD_32_BIT)";
				"CODE_SIGN_IDENTITY[sdk=iphoneos*]" = "iPhone Developer";
				COPY_PHASE_STRIP = NO;
				GCC_C_LANGUAGE_STANDARD = gnu99;
				GCC_DYNAMIC_NO_PIC = NO;
				GCC_OPTIMIZATION_LEVEL = 0;
				GCC_PREPROCESSOR_DEFINITIONS = (
					"DEBUG=1",
					"$(inherited)",
				);
				GCC_SYMBOLS_PRIVATE_EXTERN = NO;
				GCC_VERSION = com.apple.compilers.llvmgcc42;
				GCC_WARN_ABOUT_MISSING_PROTOTYPES = YES;
				GCC_WARN_ABOUT_RETURN_TYPE = YES;
				GCC_WARN_UNUSED_VARIABLE = YES;
				IPHONEOS_DEPLOYMENT_TARGET = 4.3;
				SDKROOT = iphoneos;
			};
			name = Debug;
		};
		9CD1ACD11412840600441AB7 /* Release */ = {
			isa = XCBuildConfiguration;
			buildSettings = {
				ALWAYS_SEARCH_USER_PATHS = NO;
				ARCHS = "$(ARCHS_STANDARD_32_BIT)";
				"CODE_SIGN_IDENTITY[sdk=iphoneos*]" = "iPhone Developer";
				COPY_PHASE_STRIP = YES;
				GCC_C_LANGUAGE_STANDARD = gnu99;
				GCC_VERSION = com.apple.compilers.llvmgcc42;
				GCC_WARN_ABOUT_MISSING_PROTOTYPES = YES;
				GCC_WARN_ABOUT_RETURN_TYPE = YES;
				GCC_WARN_UNUSED_VARIABLE = YES;
				IPHONEOS_DEPLOYMENT_TARGET = 4.3;
				OTHER_CFLAGS = "-DNS_BLOCK_ASSERTIONS=1";
				SDKROOT = iphoneos;
				VALIDATE_PRODUCT = YES;
			};
			name = Release;
		};
		9CD1ACD31412840600441AB7 /* Debug */ = {
			isa = XCBuildConfiguration;
			buildSettings = {
				GCC_PRECOMPILE_PREFIX_HEADER = YES;
				GCC_PREFIX_HEADER = "iArmadio/iArmadio-Prefix.pch";
				GCC_VERSION = com.apple.compilers.llvm.clang.1_0;
				HEADER_SEARCH_PATHS = "$(SRCROOT)/**";
				INFOPLIST_FILE = "iArmadio/iArmadio-Info.plist";
				IPHONEOS_DEPLOYMENT_TARGET = 4.2;
				LIBRARY_SEARCH_PATHS = (
					"$(SRCROOT)/**",
					"$(inherited)",
				);
				OTHER_CFLAGS = "";
				"OTHER_CFLAGS[arch=*]" = (
					"-DNS_BLOCK_ASSERTIONS=1",
					"-Dmacintosh=1",
				);
				OTHER_LDFLAGS = "";
				"OTHER_LDFLAGS[arch=*]" = "";
				PRODUCT_NAME = "$(TARGET_NAME)";
				"USER_HEADER_SEARCH_PATHS[arch=*]" = "$(SRCROOT)/**";
				WRAPPER_EXTENSION = app;
			};
			name = Debug;
		};
		9CD1ACD41412840600441AB7 /* Release */ = {
			isa = XCBuildConfiguration;
			buildSettings = {
				GCC_PRECOMPILE_PREFIX_HEADER = YES;
				GCC_PREFIX_HEADER = "iArmadio/iArmadio-Prefix.pch";
				GCC_VERSION = com.apple.compilers.llvm.clang.1_0;
				HEADER_SEARCH_PATHS = "$(SRCROOT)/**";
				INFOPLIST_FILE = "iArmadio/iArmadio-Info.plist";
				IPHONEOS_DEPLOYMENT_TARGET = 4.2;
				LIBRARY_SEARCH_PATHS = (
					"$(SRCROOT)",
					"/**",
					"$(inherited)",
				);
				OTHER_CFLAGS = "";
				"OTHER_CFLAGS[arch=*]" = (
					"-DNS_BLOCK_ASSERTIONS=1",
					"-Dmacintosh=1",
				);
				OTHER_CPLUSPLUSFLAGS = (
					"-DNS_BLOCK_ASSERTIONS=1",
					"-Dmacintosh=1",
				);
				OTHER_LDFLAGS = "";
				"OTHER_LDFLAGS[arch=*]" = "";
				PRODUCT_NAME = "$(TARGET_NAME)";
				"USER_HEADER_SEARCH_PATHS[arch=*]" = "$(SRCROOT)/**";
				WRAPPER_EXTENSION = app;
			};
			name = Release;
		};
/* End XCBuildConfiguration section */

/* Begin XCConfigurationList section */
		9CD1ACA51412840500441AB7 /* Build configuration list for PBXProject "iArmadio" */ = {
			isa = XCConfigurationList;
			buildConfigurations = (
				9CD1ACD01412840600441AB7 /* Debug */,
				9CD1ACD11412840600441AB7 /* Release */,
			);
			defaultConfigurationIsVisible = 0;
			defaultConfigurationName = Debug;
		};
		9CD1ACD21412840600441AB7 /* Build configuration list for PBXNativeTarget "iArmadio" */ = {
			isa = XCConfigurationList;
			buildConfigurations = (
				9CD1ACD31412840600441AB7 /* Debug */,
				9CD1ACD41412840600441AB7 /* Release */,
			);
			defaultConfigurationIsVisible = 0;
			defaultConfigurationName = Debug;
		};
/* End XCConfigurationList section */

/* Begin XCVersionGroup section */
		A30A330514308E3100D44356 /* iArmadio.xcdatamodeld */ = {
			isa = XCVersionGroup;
			children = (
				A30A330614308E3100D44356 /* iArmadio 2.xcdatamodel */,
				A30A330714308E3100D44356 /* iArmadio.xcdatamodel */,
			);
			currentVersion = A30A330614308E3100D44356 /* iArmadio 2.xcdatamodel */;
			path = iArmadio.xcdatamodeld;
			sourceTree = "<group>";
			versionGroupType = wrapper.xcdatamodel;
		};
/* End XCVersionGroup section */
	};
	rootObject = 9CD1ACA21412840500441AB7 /* Project object */;
}
